
Microsoft Visual Studio Solution File, Format Version 12.00
# Visual Studio Version 17
VisualStudioVersion = 17.14.36511.14 d17.14
MinimumVisualStudioVersion = 10.0.40219.1
Project("{FAE04EC0-301F-11D3-BF4B-00C04F79EFBC}") = "EShop", "EShop\EShop.csproj", "{07CDB735-6D5D-4652-A489-82BDC4EE52E3}"
EndProject
Global
	GlobalSection(SolutionConfigurationPlatforms) = preSolution
		Debug|Any CPU = Debug|Any CPU
		Release|Any CPU = Release|Any CPU
	EndGlobalSection
	GlobalSection(ProjectConfigurationPlatforms) = postSolution
		{07CDB735-6D5D-4652-A489-82BDC4EE52E3}.Debug|Any CPU.ActiveCfg = Debug|Any CPU
		{07CDB735-6D5D-4652-A489-82BDC4EE52E3}.Debug|Any CPU.Build.0 = Debug|Any CPU
		{07CDB735-6D5D-4652-A489-82BDC4EE52E3}.Release|Any CPU.ActiveCfg = Release|Any CPU
		{07CDB735-6D5D-4652-A489-82BDC4EE52E3}.Release|Any CPU.Build.0 = Release|Any CPU
	EndGlobalSection
	GlobalSection(SolutionProperties) = preSolution
		HideSolutionNode = FALSE
	EndGlobalSection
	GlobalSection(ExtensibilityGlobals) = postSolution
		SolutionGuid = {CF335B41-825E-4A26-A223-94AD150B82FC}
	EndGlobalSection
EndGlobal
